
Microsoft Visual Studio Solution File, Format Version 12.00
# Visual Studio Version 17
VisualStudioVersion = 17.0.32014.148
MinimumVisualStudioVersion = 10.0.40219.1
Project("{9A19103F-16F7-4668-BE54-9A1E7A4F7556}") = "BLL", "BLL\BLL.csproj", "{D9C0CD27-C10E-4D5B-8513-DAF4E13214DD}"
EndProject
Project("{9A19103F-16F7-4668-BE54-9A1E7A4F7556}") = "DAL", "DAL\DAL.csproj", "{30DBC6B5-58FD-4B20-AB70-FD4B8BC10252}"
EndProject
Project("{9A19103F-16F7-4668-BE54-9A1E7A4F7556}") = "Shared", "Shared\Shared.csproj", "{79BCEE26-179A-4B21-B090-EF046FD5CDF4}"
EndProject
Project("{9A19103F-16F7-4668-BE54-9A1E7A4F7556}") = "WebHost", "WebHost\WebHost.csproj", "{7693128E-75EE-4491-8CB6-673DC30D83CB}"
EndProject
Project("{9A19103F-16F7-4668-BE54-9A1E7A4F7556}") = "Core", "Core\Core.csproj", "{BD8B000D-FA67-4942-B018-5E3682F77BE3}"
EndProject
Project("{2150E333-8FDC-42A3-9474-1A3956D46DE8}") = "Solution Items", "Solution Items", "{9EDF5ADA-FA45-45E9-9AB1-AC6F3C3B0703}"
	ProjectSection(SolutionItems) = preProject
		README.md = README.md
	EndProjectSection
EndProject
Global
	GlobalSection(SolutionConfigurationPlatforms) = preSolution
		Debug|Any CPU = Debug|Any CPU
		Release|Any CPU = Release|Any CPU
	EndGlobalSection
	GlobalSection(ProjectConfigurationPlatforms) = postSolution
		{D9C0CD27-C10E-4D5B-8513-DAF4E13214DD}.Debug|Any CPU.ActiveCfg = Debug|Any CPU
		{D9C0CD27-C10E-4D5B-8513-DAF4E13214DD}.Debug|Any CPU.Build.0 = Debug|Any CPU
		{D9C0CD27-C10E-4D5B-8513-DAF4E13214DD}.Release|Any CPU.ActiveCfg = Release|Any CPU
		{D9C0CD27-C10E-4D5B-8513-DAF4E13214DD}.Release|Any CPU.Build.0 = Release|Any CPU
		{30DBC6B5-58FD-4B20-AB70-FD4B8BC10252}.Debug|Any CPU.ActiveCfg = Debug|Any CPU
		{30DBC6B5-58FD-4B20-AB70-FD4B8BC10252}.Debug|Any CPU.Build.0 = Debug|Any CPU
		{30DBC6B5-58FD-4B20-AB70-FD4B8BC10252}.Release|Any CPU.ActiveCfg = Release|Any CPU
		{30DBC6B5-58FD-4B20-AB70-FD4B8BC10252}.Release|Any CPU.Build.0 = Release|Any CPU
		{79BCEE26-179A-4B21-B090-EF046FD5CDF4}.Debug|Any CPU.ActiveCfg = Debug|Any CPU
		{79BCEE26-179A-4B21-B090-EF046FD5CDF4}.Debug|Any CPU.Build.0 = Debug|Any CPU
		{79BCEE26-179A-4B21-B090-EF046FD5CDF4}.Release|Any CPU.ActiveCfg = Release|Any CPU
		{79BCEE26-179A-4B21-B090-EF046FD5CDF4}.Release|Any CPU.Build.0 = Release|Any CPU
		{7693128E-75EE-4491-8CB6-673DC30D83CB}.Debug|Any CPU.ActiveCfg = Debug|Any CPU
		{7693128E-75EE-4491-8CB6-673DC30D83CB}.Debug|Any CPU.Build.0 = Debug|Any CPU
		{7693128E-75EE-4491-8CB6-673DC30D83CB}.Release|Any CPU.ActiveCfg = Release|Any CPU
		{7693128E-75EE-4491-8CB6-673DC30D83CB}.Release|Any CPU.Build.0 = Release|Any CPU
		{BD8B000D-FA67-4942-B018-5E3682F77BE3}.Debug|Any CPU.ActiveCfg = Debug|Any CPU
		{BD8B000D-FA67-4942-B018-5E3682F77BE3}.Debug|Any CPU.Build.0 = Debug|Any CPU
		{BD8B000D-FA67-4942-B018-5E3682F77BE3}.Release|Any CPU.ActiveCfg = Release|Any CPU
		{BD8B000D-FA67-4942-B018-5E3682F77BE3}.Release|Any CPU.Build.0 = Release|Any CPU
	EndGlobalSection
	GlobalSection(SolutionProperties) = preSolution
		HideSolutionNode = FALSE
	EndGlobalSection
	GlobalSection(ExtensibilityGlobals) = postSolution
		SolutionGuid = {C7630397-E143-4730-BFC2-10369461D941}
	EndGlobalSection
EndGlobal
