
Microsoft Visual Studio Solution File, Format Version 12.00
# Visual Studio 15
VisualStudioVersion = 15.0.27428.2037
MinimumVisualStudioVersion = 10.0.40219.1
Project("{9A19103F-16F7-4668-BE54-9A1E7A4F7556}") = "BLL", "BLL\BLL.csproj", "{D9C0CD27-C10E-4D5B-8513-DAF4E13214DD}"
EndProject
Project("{9A19103F-16F7-4668-BE54-9A1E7A4F7556}") = "DAL", "DAL\DAL.csproj", "{30DBC6B5-58FD-4B20-AB70-FD4B8BC10252}"
EndProject
Project("{9A19103F-16F7-4668-BE54-9A1E7A4F7556}") = "Shared", "Shared\Shared.csproj", "{79BCEE26-179A-4B21-B090-EF046FD5CDF4}"
EndProject
Project("{9A19103F-16F7-4668-BE54-9A1E7A4F7556}") = "WebHost", "WebHost\WebHost.csproj", "{7693128E-75EE-4491-8CB6-673DC30D83CB}"
EndProject
Project("{9A19103F-16F7-4668-BE54-9A1E7A4F7556}") = "Core", "Core\Core.csproj", "{BD8B000D-FA67-4942-B018-5E3682F77BE3}"
EndProject
Project("{00D1A9C2-B5F0-4AF3-8072-F6C62B433612}") = "Database", "Database\Database.sqlproj", "{48626D11-DB3D-498B-8377-2B05574BADD4}"
EndProject
Project("{2150E333-8FDC-42A3-9474-1A3956D46DE8}") = "Tools", "Tools", "{7C5985D2-B635-446A-B88E-8861934FA5E8}"
EndProject
Project("{2150E333-8FDC-42A3-9474-1A3956D46DE8}") = "Server", "Server", "{C2C85CDC-5841-41FE-BEBF-F69D3DC73004}"
	ProjectSection(SolutionItems) = preProject
		Tools\Server\pull-houguildbot.sh = Tools\Server\pull-houguildbot.sh
		Tools\Server\run-houguildbot.sh = Tools\Server\run-houguildbot.sh
		Tools\Server\run-registry.sh = Tools\Server\run-registry.sh
		Tools\Server\settings.registry.production.ini = Tools\Server\settings.registry.production.ini
		Tools\Server\settings.registry.template.ini = Tools\Server\settings.registry.template.ini
		Tools\Server\stop-houguildbot.sh = Tools\Server\stop-houguildbot.sh
	EndProjectSection
EndProject
Project("{2150E333-8FDC-42A3-9474-1A3956D46DE8}") = "Client", "Client", "{0AA96E33-DA9B-4928-861E-856F59AEF913}"
	ProjectSection(SolutionItems) = preProject
		Tools\Client\PushLatestImage.ps1 = Tools\Client\PushLatestImage.ps1
		Tools\Client\settings.houguildbot.ini = Tools\Client\settings.houguildbot.ini
		Tools\Client\settings.template.ini = Tools\Client\settings.template.ini
	EndProjectSection
EndProject
Global
	GlobalSection(SolutionConfigurationPlatforms) = preSolution
		Debug|Any CPU = Debug|Any CPU
		Release|Any CPU = Release|Any CPU
	EndGlobalSection
	GlobalSection(ProjectConfigurationPlatforms) = postSolution
		{D9C0CD27-C10E-4D5B-8513-DAF4E13214DD}.Debug|Any CPU.ActiveCfg = Debug|Any CPU
		{D9C0CD27-C10E-4D5B-8513-DAF4E13214DD}.Debug|Any CPU.Build.0 = Debug|Any CPU
		{D9C0CD27-C10E-4D5B-8513-DAF4E13214DD}.Release|Any CPU.ActiveCfg = Release|Any CPU
		{D9C0CD27-C10E-4D5B-8513-DAF4E13214DD}.Release|Any CPU.Build.0 = Release|Any CPU
		{30DBC6B5-58FD-4B20-AB70-FD4B8BC10252}.Debug|Any CPU.ActiveCfg = Debug|Any CPU
		{30DBC6B5-58FD-4B20-AB70-FD4B8BC10252}.Debug|Any CPU.Build.0 = Debug|Any CPU
		{30DBC6B5-58FD-4B20-AB70-FD4B8BC10252}.Release|Any CPU.ActiveCfg = Release|Any CPU
		{30DBC6B5-58FD-4B20-AB70-FD4B8BC10252}.Release|Any CPU.Build.0 = Release|Any CPU
		{79BCEE26-179A-4B21-B090-EF046FD5CDF4}.Debug|Any CPU.ActiveCfg = Debug|Any CPU
		{79BCEE26-179A-4B21-B090-EF046FD5CDF4}.Debug|Any CPU.Build.0 = Debug|Any CPU
		{79BCEE26-179A-4B21-B090-EF046FD5CDF4}.Release|Any CPU.ActiveCfg = Release|Any CPU
		{79BCEE26-179A-4B21-B090-EF046FD5CDF4}.Release|Any CPU.Build.0 = Release|Any CPU
		{7693128E-75EE-4491-8CB6-673DC30D83CB}.Debug|Any CPU.ActiveCfg = Debug|Any CPU
		{7693128E-75EE-4491-8CB6-673DC30D83CB}.Debug|Any CPU.Build.0 = Debug|Any CPU
		{7693128E-75EE-4491-8CB6-673DC30D83CB}.Release|Any CPU.ActiveCfg = Release|Any CPU
		{7693128E-75EE-4491-8CB6-673DC30D83CB}.Release|Any CPU.Build.0 = Release|Any CPU
		{BD8B000D-FA67-4942-B018-5E3682F77BE3}.Debug|Any CPU.ActiveCfg = Debug|Any CPU
		{BD8B000D-FA67-4942-B018-5E3682F77BE3}.Debug|Any CPU.Build.0 = Debug|Any CPU
		{BD8B000D-FA67-4942-B018-5E3682F77BE3}.Release|Any CPU.ActiveCfg = Release|Any CPU
		{BD8B000D-FA67-4942-B018-5E3682F77BE3}.Release|Any CPU.Build.0 = Release|Any CPU
		{48626D11-DB3D-498B-8377-2B05574BADD4}.Debug|Any CPU.ActiveCfg = Debug|Any CPU
		{48626D11-DB3D-498B-8377-2B05574BADD4}.Debug|Any CPU.Build.0 = Debug|Any CPU
		{48626D11-DB3D-498B-8377-2B05574BADD4}.Debug|Any CPU.Deploy.0 = Debug|Any CPU
		{48626D11-DB3D-498B-8377-2B05574BADD4}.Release|Any CPU.ActiveCfg = Release|Any CPU
		{48626D11-DB3D-498B-8377-2B05574BADD4}.Release|Any CPU.Build.0 = Release|Any CPU
		{48626D11-DB3D-498B-8377-2B05574BADD4}.Release|Any CPU.Deploy.0 = Release|Any CPU
	EndGlobalSection
	GlobalSection(SolutionProperties) = preSolution
		HideSolutionNode = FALSE
	EndGlobalSection
	GlobalSection(NestedProjects) = preSolution
		{C2C85CDC-5841-41FE-BEBF-F69D3DC73004} = {7C5985D2-B635-446A-B88E-8861934FA5E8}
		{0AA96E33-DA9B-4928-861E-856F59AEF913} = {7C5985D2-B635-446A-B88E-8861934FA5E8}
	EndGlobalSection
	GlobalSection(ExtensibilityGlobals) = postSolution
		SolutionGuid = {C7630397-E143-4730-BFC2-10369461D941}
	EndGlobalSection
EndGlobal
